
Microsoft Visual Studio Solution File, Format Version 12.00
# Visual Studio Version 17
VisualStudioVersion = 17.0.32112.339
MinimumVisualStudioVersion = 10.0.40219.1
Project("{FAE04EC0-301F-11D3-BF4B-00C04F79EFBC}") = "ConsoleApp13", "ConsoleApp13\ConsoleApp13.csproj", "{CB6A8E06-E8D5-4415-8B05-41312EE1FC9D}"
EndProject
Global
	GlobalSection(SolutionConfigurationPlatforms) = preSolution
		Debug|Any CPU = Debug|Any CPU
		Release|Any CPU = Release|Any CPU
	EndGlobalSection
	GlobalSection(ProjectConfigurationPlatforms) = postSolution
		{CB6A8E06-E8D5-4415-8B05-41312EE1FC9D}.Debug|Any CPU.ActiveCfg = Debug|Any CPU
		{CB6A8E06-E8D5-4415-8B05-41312EE1FC9D}.Debug|Any CPU.Build.0 = Debug|Any CPU
		{CB6A8E06-E8D5-4415-8B05-41312EE1FC9D}.Release|Any CPU.ActiveCfg = Release|Any CPU
		{CB6A8E06-E8D5-4415-8B05-41312EE1FC9D}.Release|Any CPU.Build.0 = Release|Any CPU
	EndGlobalSection
	GlobalSection(SolutionProperties) = preSolution
		HideSolutionNode = FALSE
	EndGlobalSection
	GlobalSection(ExtensibilityGlobals) = postSolution
		SolutionGuid = {C792B85C-A19E-4B64-A0EC-63E22C6A9590}
	EndGlobalSection
EndGlobal
